
Microsoft Visual Studio Solution File, Format Version 12.00
# Visual Studio Version 16
VisualStudioVersion = 16.0.29613.14
MinimumVisualStudioVersion = 10.0.40219.1
Project("{FAE04EC0-301F-11D3-BF4B-00C04F79EFBC}") = "Server", "Server\Server.csproj", "{F426B232-8E89-44E9-8D9F-36FD2676F221}"
EndProject
Project("{FAE04EC0-301F-11D3-BF4B-00C04F79EFBC}") = "Client", "Client\Client.csproj", "{C39E82FB-9D94-4891-AB4F-29A797B7593F}"
EndProject
Global
	GlobalSection(SolutionConfigurationPlatforms) = preSolution
		Debug|Any CPU = Debug|Any CPU
		Release|Any CPU = Release|Any CPU
	EndGlobalSection
	GlobalSection(ProjectConfigurationPlatforms) = postSolution
		{F426B232-8E89-44E9-8D9F-36FD2676F221}.Debug|Any CPU.ActiveCfg = Debug|Any CPU
		{F426B232-8E89-44E9-8D9F-36FD2676F221}.Debug|Any CPU.Build.0 = Debug|Any CPU
		{F426B232-8E89-44E9-8D9F-36FD2676F221}.Release|Any CPU.ActiveCfg = Release|Any CPU
		{F426B232-8E89-44E9-8D9F-36FD2676F221}.Release|Any CPU.Build.0 = Release|Any CPU
		{C39E82FB-9D94-4891-AB4F-29A797B7593F}.Debug|Any CPU.ActiveCfg = Debug|Any CPU
		{C39E82FB-9D94-4891-AB4F-29A797B7593F}.Debug|Any CPU.Build.0 = Debug|Any CPU
		{C39E82FB-9D94-4891-AB4F-29A797B7593F}.Release|Any CPU.ActiveCfg = Release|Any CPU
		{C39E82FB-9D94-4891-AB4F-29A797B7593F}.Release|Any CPU.Build.0 = Release|Any CPU
	EndGlobalSection
	GlobalSection(SolutionProperties) = preSolution
		HideSolutionNode = FALSE
	EndGlobalSection
	GlobalSection(ExtensibilityGlobals) = postSolution
		SolutionGuid = {0A2CEBA8-0131-41AE-9A6E-095084B6542A}
	EndGlobalSection
EndGlobal
